
Microsoft Visual Studio Solution File, Format Version 12.00
# Visual Studio Version 17
VisualStudioVersion = 17.14.37516.0
MinimumVisualStudioVersion = 10.0.40219.1
Project("{FAE04EC0-301F-11D3-BF4B-00C04F79EFBC}") = "Worship-pad", "Worship-pad\Worship-pad.csproj", "{0E818B3D-0429-44C1-8D53-CB217A3F8E50}"
EndProject
Project("{2150E333-8FDC-42A3-9474-1A3956D46DE8}") = "Docs", "Docs", "{02EA681E-C7D8-13C7-8484-4AC65E1B71E8}"
	ProjectSection(SolutionItems) = preProject
		..\Docs\docsROADMAP.md = ..\Docs\docsROADMAP.md
	EndProjectSection
EndProject
Project("{2150E333-8FDC-42A3-9474-1A3956D46DE8}") = "src", "src", "{67E9ADDE-0D3E-41DE-80DB-F5C5AC44C17A}"
EndProject
Project("{2150E333-8FDC-42A3-9474-1A3956D46DE8}") = "tests", "tests", "{AD512C43-72B1-44B7-BB22-CF1BB562352D}"
EndProject
Global
	GlobalSection(SolutionConfigurationPlatforms) = preSolution
		Debug|Any CPU = Debug|Any CPU
		Release|Any CPU = Release|Any CPU
	EndGlobalSection
	GlobalSection(ProjectConfigurationPlatforms) = postSolution
		{0E818B3D-0429-44C1-8D53-CB217A3F8E50}.Debug|Any CPU.ActiveCfg = Debug|Any CPU
		{0E818B3D-0429-44C1-8D53-CB217A3F8E50}.Debug|Any CPU.Build.0 = Debug|Any CPU
		{0E818B3D-0429-44C1-8D53-CB217A3F8E50}.Release|Any CPU.ActiveCfg = Release|Any CPU
		{0E818B3D-0429-44C1-8D53-CB217A3F8E50}.Release|Any CPU.Build.0 = Release|Any CPU
	EndGlobalSection
	GlobalSection(SolutionProperties) = preSolution
		HideSolutionNode = FALSE
	EndGlobalSection
	GlobalSection(NestedProjects) = preSolution
		{0E818B3D-0429-44C1-8D53-CB217A3F8E50} = {67E9ADDE-0D3E-41DE-80DB-F5C5AC44C17A}
	EndGlobalSection
	GlobalSection(ExtensibilityGlobals) = postSolution
		SolutionGuid = {3E9322ED-04BD-4F23-9438-55582BD9A7D5}
	EndGlobalSection
EndGlobal
